
Microsoft Visual Studio Solution File, Format Version 12.00
# Visual Studio 15
VisualStudioVersion = 15.0.26730.10
MinimumVisualStudioVersion = 10.0.40219.1
Project("{FAE04EC0-301F-11D3-BF4B-00C04F79EFBC}") = "angularfun", "angularfun\angularfun.csproj", "{7DD763AE-DED5-465A-835E-251CEBB5061B}"
EndProject
Project("{2150E333-8FDC-42A3-9474-1A3956D46DE8}") = "src", "src", "{1B6F029C-B9B1-4DC2-B2E1-CA2D88FF641A}"
EndProject
Global
	GlobalSection(SolutionConfigurationPlatforms) = preSolution
		Debug|Any CPU = Debug|Any CPU
		Release|Any CPU = Release|Any CPU
	EndGlobalSection
	GlobalSection(ProjectConfigurationPlatforms) = postSolution
		{7DD763AE-DED5-465A-835E-251CEBB5061B}.Debug|Any CPU.ActiveCfg = Debug|Any CPU
		{7DD763AE-DED5-465A-835E-251CEBB5061B}.Debug|Any CPU.Build.0 = Debug|Any CPU
		{7DD763AE-DED5-465A-835E-251CEBB5061B}.Release|Any CPU.ActiveCfg = Release|Any CPU
		{7DD763AE-DED5-465A-835E-251CEBB5061B}.Release|Any CPU.Build.0 = Release|Any CPU
	EndGlobalSection
	GlobalSection(SolutionProperties) = preSolution
		HideSolutionNode = FALSE
	EndGlobalSection
	GlobalSection(NestedProjects) = preSolution
		{7DD763AE-DED5-465A-835E-251CEBB5061B} = {1B6F029C-B9B1-4DC2-B2E1-CA2D88FF641A}
	EndGlobalSection
	GlobalSection(ExtensibilityGlobals) = postSolution
		SolutionGuid = {09FDD558-E5CA-4B90-8249-A9B7E1373FD6}
	EndGlobalSection
EndGlobal
